
Microsoft Visual Studio Solution File, Format Version 12.00
# Visual Studio Version 17
VisualStudioVersion = 17.13.35919.96
MinimumVisualStudioVersion = 10.0.40219.1
Project("{FAE04EC0-301F-11D3-BF4B-00C04F79EFBC}") = "TelestrationsLibrary", "TelestrationsLibrary\TelestrationsLibrary.csproj", "{0C37B7D0-FA76-4EA7-A442-BAC49BEB409A}"
EndProject
Project("{FAE04EC0-301F-11D3-BF4B-00C04F79EFBC}") = "DataAccess", "DataAccess\DataAccess.csproj", "{4C4576FB-ECA6-4357-9B29-91E86D840C56}"
EndProject
Project("{FAE04EC0-301F-11D3-BF4B-00C04F79EFBC}") = "TelestrationsServer", "TelestrationsServer\TelestrationsServer.csproj", "{B03474C3-B1AB-4282-A091-0D31320698BD}"
EndProject
Project("{FAE04EC0-301F-11D3-BF4B-00C04F79EFBC}") = "TelestrationsUI", "TelestrationsUI\TelestrationsUI.csproj", "{A9BB72CB-964A-4D9B-A80E-C689CDDCA6CE}"
EndProject
Global
	GlobalSection(SolutionConfigurationPlatforms) = preSolution
		Debug|Any CPU = Debug|Any CPU
		Release|Any CPU = Release|Any CPU
	EndGlobalSection
	GlobalSection(ProjectConfigurationPlatforms) = postSolution
		{0C37B7D0-FA76-4EA7-A442-BAC49BEB409A}.Debug|Any CPU.ActiveCfg = Debug|Any CPU
		{0C37B7D0-FA76-4EA7-A442-BAC49BEB409A}.Debug|Any CPU.Build.0 = Debug|Any CPU
		{0C37B7D0-FA76-4EA7-A442-BAC49BEB409A}.Release|Any CPU.ActiveCfg = Release|Any CPU
		{0C37B7D0-FA76-4EA7-A442-BAC49BEB409A}.Release|Any CPU.Build.0 = Release|Any CPU
		{4C4576FB-ECA6-4357-9B29-91E86D840C56}.Debug|Any CPU.ActiveCfg = Debug|Any CPU
		{4C4576FB-ECA6-4357-9B29-91E86D840C56}.Debug|Any CPU.Build.0 = Debug|Any CPU
		{4C4576FB-ECA6-4357-9B29-91E86D840C56}.Release|Any CPU.ActiveCfg = Release|Any CPU
		{4C4576FB-ECA6-4357-9B29-91E86D840C56}.Release|Any CPU.Build.0 = Release|Any CPU
		{B03474C3-B1AB-4282-A091-0D31320698BD}.Debug|Any CPU.ActiveCfg = Debug|Any CPU
		{B03474C3-B1AB-4282-A091-0D31320698BD}.Debug|Any CPU.Build.0 = Debug|Any CPU
		{B03474C3-B1AB-4282-A091-0D31320698BD}.Release|Any CPU.ActiveCfg = Release|Any CPU
		{B03474C3-B1AB-4282-A091-0D31320698BD}.Release|Any CPU.Build.0 = Release|Any CPU
		{A9BB72CB-964A-4D9B-A80E-C689CDDCA6CE}.Debug|Any CPU.ActiveCfg = Debug|Any CPU
		{A9BB72CB-964A-4D9B-A80E-C689CDDCA6CE}.Debug|Any CPU.Build.0 = Debug|Any CPU
		{A9BB72CB-964A-4D9B-A80E-C689CDDCA6CE}.Release|Any CPU.ActiveCfg = Release|Any CPU
		{A9BB72CB-964A-4D9B-A80E-C689CDDCA6CE}.Release|Any CPU.Build.0 = Release|Any CPU
	EndGlobalSection
	GlobalSection(SolutionProperties) = preSolution
		HideSolutionNode = FALSE
	EndGlobalSection
	GlobalSection(ExtensibilityGlobals) = postSolution
		SolutionGuid = {F9A3028B-A9D0-4426-B128-B4500EDEA8DD}
	EndGlobalSection
EndGlobal
