
Microsoft Visual Studio Solution File, Format Version 12.00
# Visual Studio Version 17
VisualStudioVersion = 17.13.35919.96
MinimumVisualStudioVersion = 10.0.40219.1
Project("{FAE04EC0-301F-11D3-BF4B-00C04F79EFBC}") = "TelestrationsUI", "Telestrations\TelestrationsUI.csproj", "{F009ECE5-B429-4AE2-9665-FF684F66795C}"
EndProject
Project("{FAE04EC0-301F-11D3-BF4B-00C04F79EFBC}") = "TelestrationsLibrary", "TelestrationsLibrary\TelestrationsLibrary.csproj", "{DFFDEA19-C077-2B3D-CD1B-CEB50A93FBB8}"
EndProject
Project("{FAE04EC0-301F-11D3-BF4B-00C04F79EFBC}") = "TelestrationsConsoleTest", "TelestrationsConsoleTest\TelestrationsConsoleTest.csproj", "{06C1D770-3458-4FB9-B334-4EBA7F741BBE}"
EndProject
Global
	GlobalSection(SolutionConfigurationPlatforms) = preSolution
		Debug|Any CPU = Debug|Any CPU
		Release|Any CPU = Release|Any CPU
	EndGlobalSection
	GlobalSection(ProjectConfigurationPlatforms) = postSolution
		{F009ECE5-B429-4AE2-9665-FF684F66795C}.Debug|Any CPU.ActiveCfg = Debug|Any CPU
		{F009ECE5-B429-4AE2-9665-FF684F66795C}.Debug|Any CPU.Build.0 = Debug|Any CPU
		{F009ECE5-B429-4AE2-9665-FF684F66795C}.Release|Any CPU.ActiveCfg = Release|Any CPU
		{F009ECE5-B429-4AE2-9665-FF684F66795C}.Release|Any CPU.Build.0 = Release|Any CPU
		{DFFDEA19-C077-2B3D-CD1B-CEB50A93FBB8}.Debug|Any CPU.ActiveCfg = Debug|Any CPU
		{DFFDEA19-C077-2B3D-CD1B-CEB50A93FBB8}.Debug|Any CPU.Build.0 = Debug|Any CPU
		{DFFDEA19-C077-2B3D-CD1B-CEB50A93FBB8}.Release|Any CPU.ActiveCfg = Release|Any CPU
		{DFFDEA19-C077-2B3D-CD1B-CEB50A93FBB8}.Release|Any CPU.Build.0 = Release|Any CPU
		{06C1D770-3458-4FB9-B334-4EBA7F741BBE}.Debug|Any CPU.ActiveCfg = Debug|Any CPU
		{06C1D770-3458-4FB9-B334-4EBA7F741BBE}.Debug|Any CPU.Build.0 = Debug|Any CPU
		{06C1D770-3458-4FB9-B334-4EBA7F741BBE}.Release|Any CPU.ActiveCfg = Release|Any CPU
		{06C1D770-3458-4FB9-B334-4EBA7F741BBE}.Release|Any CPU.Build.0 = Release|Any CPU
	EndGlobalSection
	GlobalSection(SolutionProperties) = preSolution
		HideSolutionNode = FALSE
	EndGlobalSection
	GlobalSection(ExtensibilityGlobals) = postSolution
		SolutionGuid = {F9A3028B-A9D0-4426-B128-B4500EDEA8DD}
	EndGlobalSection
EndGlobal
