
Microsoft Visual Studio Solution File, Format Version 12.00
# Visual Studio Version 17
VisualStudioVersion = 17.13.35919.96
MinimumVisualStudioVersion = 10.0.40219.1
Project("{FAE04EC0-301F-11D3-BF4B-00C04F79EFBC}") = "TelestrationsUI", "Telestrations\TelestrationsUI.csproj", "{F009ECE5-B429-4AE2-9665-FF684F66795C}"
EndProject
Project("{FAE04EC0-301F-11D3-BF4B-00C04F79EFBC}") = "TelestrationsLibrary", "TelestrationsLibrary\TelestrationsLibrary.csproj", "{DFFDEA19-C077-2B3D-CD1B-CEB50A93FBB8}"
EndProject
Project("{FAE04EC0-301F-11D3-BF4B-00C04F79EFBC}") = "TelestrationsConsoleTest", "TelestrationsConsoleTest\TelestrationsConsoleTest.csproj", "{06C1D770-3458-4FB9-B334-4EBA7F741BBE}"
EndProject
Project("{00D1A9C2-B5F0-4AF3-8072-F6C62B433612}") = "TelestrationsDB", "TelestrationsDB\TelestrationsDB.sqlproj", "{04507C55-1442-4872-81D2-355A8A07DE9D}"
EndProject
Project("{FAE04EC0-301F-11D3-BF4B-00C04F79EFBC}") = "DataAccessLibrary", "DataAccessLibrary\DataAccessLibrary.csproj", "{0A348FEA-E0E5-47D0-ACB9-6FC5CE6D0CA0}"
EndProject
Project("{2150E333-8FDC-42A3-9474-1A3956D46DE8}") = "Client", "Client", "{02EA681E-C7D8-13C7-8484-4AC65E1B71E8}"
EndProject
Project("{2150E333-8FDC-42A3-9474-1A3956D46DE8}") = "Server", "Server", "{C2D1B49E-09F2-4BF2-91F9-1FE59D8CFC96}"
EndProject
Project("{FAE04EC0-301F-11D3-BF4B-00C04F79EFBC}") = "TelestrationsMinimalAPI", "TelestrationsMinimalAPI\TelestrationsMinimalAPI.csproj", "{DE37C39E-3DB8-464D-9A90-0F4C532AFA1C}"
EndProject
Global
	GlobalSection(SolutionConfigurationPlatforms) = preSolution
		Debug|Any CPU = Debug|Any CPU
		Release|Any CPU = Release|Any CPU
	EndGlobalSection
	GlobalSection(ProjectConfigurationPlatforms) = postSolution
		{F009ECE5-B429-4AE2-9665-FF684F66795C}.Debug|Any CPU.ActiveCfg = Debug|Any CPU
		{F009ECE5-B429-4AE2-9665-FF684F66795C}.Debug|Any CPU.Build.0 = Debug|Any CPU
		{F009ECE5-B429-4AE2-9665-FF684F66795C}.Release|Any CPU.ActiveCfg = Release|Any CPU
		{F009ECE5-B429-4AE2-9665-FF684F66795C}.Release|Any CPU.Build.0 = Release|Any CPU
		{DFFDEA19-C077-2B3D-CD1B-CEB50A93FBB8}.Debug|Any CPU.ActiveCfg = Debug|Any CPU
		{DFFDEA19-C077-2B3D-CD1B-CEB50A93FBB8}.Debug|Any CPU.Build.0 = Debug|Any CPU
		{DFFDEA19-C077-2B3D-CD1B-CEB50A93FBB8}.Release|Any CPU.ActiveCfg = Release|Any CPU
		{DFFDEA19-C077-2B3D-CD1B-CEB50A93FBB8}.Release|Any CPU.Build.0 = Release|Any CPU
		{06C1D770-3458-4FB9-B334-4EBA7F741BBE}.Debug|Any CPU.ActiveCfg = Debug|Any CPU
		{06C1D770-3458-4FB9-B334-4EBA7F741BBE}.Debug|Any CPU.Build.0 = Debug|Any CPU
		{06C1D770-3458-4FB9-B334-4EBA7F741BBE}.Release|Any CPU.ActiveCfg = Release|Any CPU
		{06C1D770-3458-4FB9-B334-4EBA7F741BBE}.Release|Any CPU.Build.0 = Release|Any CPU
		{04507C55-1442-4872-81D2-355A8A07DE9D}.Debug|Any CPU.ActiveCfg = Debug|Any CPU
		{04507C55-1442-4872-81D2-355A8A07DE9D}.Debug|Any CPU.Build.0 = Debug|Any CPU
		{04507C55-1442-4872-81D2-355A8A07DE9D}.Debug|Any CPU.Deploy.0 = Debug|Any CPU
		{04507C55-1442-4872-81D2-355A8A07DE9D}.Release|Any CPU.ActiveCfg = Release|Any CPU
		{04507C55-1442-4872-81D2-355A8A07DE9D}.Release|Any CPU.Build.0 = Release|Any CPU
		{04507C55-1442-4872-81D2-355A8A07DE9D}.Release|Any CPU.Deploy.0 = Release|Any CPU
		{0A348FEA-E0E5-47D0-ACB9-6FC5CE6D0CA0}.Debug|Any CPU.ActiveCfg = Debug|Any CPU
		{0A348FEA-E0E5-47D0-ACB9-6FC5CE6D0CA0}.Debug|Any CPU.Build.0 = Debug|Any CPU
		{0A348FEA-E0E5-47D0-ACB9-6FC5CE6D0CA0}.Release|Any CPU.ActiveCfg = Release|Any CPU
		{0A348FEA-E0E5-47D0-ACB9-6FC5CE6D0CA0}.Release|Any CPU.Build.0 = Release|Any CPU
		{DE37C39E-3DB8-464D-9A90-0F4C532AFA1C}.Debug|Any CPU.ActiveCfg = Debug|Any CPU
		{DE37C39E-3DB8-464D-9A90-0F4C532AFA1C}.Debug|Any CPU.Build.0 = Debug|Any CPU
		{DE37C39E-3DB8-464D-9A90-0F4C532AFA1C}.Release|Any CPU.ActiveCfg = Release|Any CPU
		{DE37C39E-3DB8-464D-9A90-0F4C532AFA1C}.Release|Any CPU.Build.0 = Release|Any CPU
	EndGlobalSection
	GlobalSection(SolutionProperties) = preSolution
		HideSolutionNode = FALSE
	EndGlobalSection
	GlobalSection(ExtensibilityGlobals) = postSolution
		SolutionGuid = {F9A3028B-A9D0-4426-B128-B4500EDEA8DD}
	EndGlobalSection
EndGlobal
